PODS:
  - OCMapper (2.1)
  - ProximateiOSSDK (0.1.0):
    - OCMapper (~> 2.1)

DEPENDENCIES:
  - ProximateiOSSDK (from `../`)

EXTERNAL SOURCES:
  ProximateiOSSDK:
    :path: ../

SPEC CHECKSUMS:
  OCMapper: fa22e7b51de7cc38e66b993037076d28a0f31b29
  ProximateiOSSDK: eadbe8e7476a7a187c936fe9a5c706cd8151e908

PODFILE CHECKSUM: 1ec100c8169a20d2e0f9e2d2d2b1094952c3d23d

COCOAPODS: 1.1.1
