// !$*UTF8*$!
{
	archiveVersion = 1;
	classes = {
	};
	objectVersion = 46;
	objects = {

/* Begin PBXBuildFile section */
		4E1A5AD61DED5A3A00E6C198 /* CampaignHeaderView.swift in Sources */ = {isa = PBXBuildFile; fileRef = 4E1A5AD51DED5A3A00E6C198 /* CampaignHeaderView.swift */; };
		4E1A5AD81DED5A4800E6C198 /* CampaignHeaderView.xib in Resources */ = {isa = PBXBuildFile; fileRef = 4E1A5AD71DED5A4800E6C198 /* CampaignHeaderView.xib */; };
		4E1A5ADA1DED5AB600E6C198 /* ObjectCampaignTiming.swift in Sources */ = {isa = PBXBuildFile; fileRef = 4E1A5AD91DED5AB600E6C198 /* ObjectCampaignTiming.swift */; };
		4E1A5ADC1DED5AC300E6C198 /* ObjectBank.swift in Sources */ = {isa = PBXBuildFile; fileRef = 4E1A5ADB1DED5AC300E6C198 /* ObjectBank.swift */; };
		4E1A5ADE1DED5ACC00E6C198 /* ObjectBankCard.swift in Sources */ = {isa = PBXBuildFile; fileRef = 4E1A5ADD1DED5ACC00E6C198 /* ObjectBankCard.swift */; };
		4E1A5AE01DED772800E6C198 /* CampaignViewController.swift in Sources */ = {isa = PBXBuildFile; fileRef = 4E1A5ADF1DED772800E6C198 /* CampaignViewController.swift */; };
		4E1A5AE21DED77D100E6C198 /* CampaignTableViewController.swift in Sources */ = {isa = PBXBuildFile; fileRef = 4E1A5AE11DED77D100E6C198 /* CampaignTableViewController.swift */; };
		4E1A5AE51DED89F000E6C198 /* CampaignTitleView.swift in Sources */ = {isa = PBXBuildFile; fileRef = 4E1A5AE41DED89F000E6C198 /* CampaignTitleView.swift */; };
		4E1A5AE81DEEA27400E6C198 /* CampaignMapViewController.swift in Sources */ = {isa = PBXBuildFile; fileRef = 4E1A5AE71DEEA27400E6C198 /* CampaignMapViewController.swift */; };
		4E1A5AEA1DEEA68200E6C198 /* MapKit.framework in Frameworks */ = {isa = PBXBuildFile; fileRef = 4E1A5AE91DEEA68200E6C198 /* MapKit.framework */; };
		4E217F591DEEE4EE00BB3A40 /* CCColorCube.m in Sources */ = {isa = PBXBuildFile; fileRef = 4E217F561DEEE4EE00BB3A40 /* CCColorCube.m */; };
		4E217F5A1DEEE4EE00BB3A40 /* CCLocalMaximum.m in Sources */ = {isa = PBXBuildFile; fileRef = 4E217F581DEEE4EE00BB3A40 /* CCLocalMaximum.m */; };
		4E217F5C1DEEF35F00BB3A40 /* BaseMapViewController.swift in Sources */ = {isa = PBXBuildFile; fileRef = 4E217F5B1DEEF35F00BB3A40 /* BaseMapViewController.swift */; };
		4E217F5E1DEEF53800BB3A40 /* MerchantMapViewController.swift in Sources */ = {isa = PBXBuildFile; fileRef = 4E217F5D1DEEF53800BB3A40 /* MerchantMapViewController.swift */; };
		4E217F601DEEF5AB00BB3A40 /* ObjectMerchantStore.swift in Sources */ = {isa = PBXBuildFile; fileRef = 4E217F5F1DEEF5AB00BB3A40 /* ObjectMerchantStore.swift */; };
		4E217F621DF03E7E00BB3A40 /* PSDKMerchant.swift in Sources */ = {isa = PBXBuildFile; fileRef = 4E217F611DF03E7E00BB3A40 /* PSDKMerchant.swift */; };
		4E720EAB1DE9C9BE00D97A1E /* QuartzCore.framework in Frameworks */ = {isa = PBXBuildFile; fileRef = 4E720EAA1DE9C9BE00D97A1E /* QuartzCore.framework */; };
		4E720EB41DEA3A4100D97A1E /* LoadMoreTableViewCell.swift in Sources */ = {isa = PBXBuildFile; fileRef = 4E720EB21DEA3A4100D97A1E /* LoadMoreTableViewCell.swift */; };
		4E720EB51DEA3A4100D97A1E /* LoadMoreTableViewCell.xib in Resources */ = {isa = PBXBuildFile; fileRef = 4E720EB31DEA3A4100D97A1E /* LoadMoreTableViewCell.xib */; };
		4E720EB71DEA455400D97A1E /* MerchantTableViewController.swift in Sources */ = {isa = PBXBuildFile; fileRef = 4E720EB61DEA455400D97A1E /* MerchantTableViewController.swift */; };
		4E720EB91DEA456400D97A1E /* CampaignTableViewCell.swift in Sources */ = {isa = PBXBuildFile; fileRef = 4E720EB81DEA456400D97A1E /* CampaignTableViewCell.swift */; };
		4E720EBE1DEA514B00D97A1E /* FragmentCollectionViewCell.swift in Sources */ = {isa = PBXBuildFile; fileRef = 4E720EBC1DEA514B00D97A1E /* FragmentCollectionViewCell.swift */; };
		4E720EBF1DEA514B00D97A1E /* FragmentCollectionViewCell.xib in Resources */ = {isa = PBXBuildFile; fileRef = 4E720EBD1DEA514B00D97A1E /* FragmentCollectionViewCell.xib */; };
		4E720EC31DEAE4E800D97A1E /* MerchantHeaderView.swift in Sources */ = {isa = PBXBuildFile; fileRef = 4E720EC21DEAE4E800D97A1E /* MerchantHeaderView.swift */; };
		4E720EC91DEAE50000D97A1E /* MerchantHeaderView.xib in Resources */ = {isa = PBXBuildFile; fileRef = 4E720EC81DEAE50000D97A1E /* MerchantHeaderView.xib */; };
		4E720ECC1DEAE58400D97A1E /* ImageSuperView.swift in Sources */ = {isa = PBXBuildFile; fileRef = 4E720ECB1DEAE58400D97A1E /* ImageSuperView.swift */; };
		4E720ED51DEAEBB600D97A1E /* SearchCategoryView.swift in Sources */ = {isa = PBXBuildFile; fileRef = 4E720ED31DEAEBB600D97A1E /* SearchCategoryView.swift */; };
		4E720ED61DEAEBB600D97A1E /* SearchCategoryView.xib in Resources */ = {isa = PBXBuildFile; fileRef = 4E720ED41DEAEBB600D97A1E /* SearchCategoryView.xib */; };
		4E720EDA1DEAFD8300D97A1E /* OpenGLES.framework in Frameworks */ = {isa = PBXBuildFile; fileRef = 4E720ED91DEAFD8300D97A1E /* OpenGLES.framework */; };
		4E720EFF1DEBFE7A00D97A1E /* Main.storyboard in Resources */ = {isa = PBXBuildFile; fileRef = 4E720EFD1DEBFE7A00D97A1E /* Main.storyboard */; };
		4E720F031DEC441A00D97A1E /* OCMapperConfig.m in Sources */ = {isa = PBXBuildFile; fileRef = 4E720F021DEC441A00D97A1E /* OCMapperConfig.m */; };
		4EF4AAEF1DE702E200C5CF0C /* AppDelegate.swift in Sources */ = {isa = PBXBuildFile; fileRef = 4EF4AAEE1DE702E200C5CF0C /* AppDelegate.swift */; };
		4EF4AAF11DE702E200C5CF0C /* ViewController.swift in Sources */ = {isa = PBXBuildFile; fileRef = 4EF4AAF01DE702E200C5CF0C /* ViewController.swift */; };
		4EF4AAF41DE702E200C5CF0C /* ProximateSDK.storyboard in Resources */ = {isa = PBXBuildFile; fileRef = 4EF4AAF21DE702E200C5CF0C /* ProximateSDK.storyboard */; };
		4EF4AAF61DE702E200C5CF0C /* ProximateSDKAssets.xcassets in Resources */ = {isa = PBXBuildFile; fileRef = 4EF4AAF51DE702E200C5CF0C /* ProximateSDKAssets.xcassets */; };
		4EF4AAF91DE702E200C5CF0C /* LaunchScreen.storyboard in Resources */ = {isa = PBXBuildFile; fileRef = 4EF4AAF71DE702E200C5CF0C /* LaunchScreen.storyboard */; };
		4EF4AB431DE7030900C5CF0C /* DebugLogger.swift in Sources */ = {isa = PBXBuildFile; fileRef = 4EF4AB011DE7030900C5CF0C /* DebugLogger.swift */; };
		4EF4AB441DE7030900C5CF0C /* CAPSPageMenu.swift in Sources */ = {isa = PBXBuildFile; fileRef = 4EF4AB031DE7030900C5CF0C /* CAPSPageMenu.swift */; };
		4EF4AB461DE7030900C5CF0C /* Alamofire.swift in Sources */ = {isa = PBXBuildFile; fileRef = 4EF4AB091DE7030900C5CF0C /* Alamofire.swift */; };
		4EF4AB471DE7030900C5CF0C /* Error.swift in Sources */ = {isa = PBXBuildFile; fileRef = 4EF4AB0B1DE7030900C5CF0C /* Error.swift */; };
		4EF4AB481DE7030900C5CF0C /* Manager.swift in Sources */ = {isa = PBXBuildFile; fileRef = 4EF4AB0C1DE7030900C5CF0C /* Manager.swift */; };
		4EF4AB491DE7030900C5CF0C /* Notifications.swift in Sources */ = {isa = PBXBuildFile; fileRef = 4EF4AB0D1DE7030900C5CF0C /* Notifications.swift */; };
		4EF4AB4A1DE7030900C5CF0C /* ParameterEncoding.swift in Sources */ = {isa = PBXBuildFile; fileRef = 4EF4AB0E1DE7030900C5CF0C /* ParameterEncoding.swift */; };
		4EF4AB4B1DE7030900C5CF0C /* Request.swift in Sources */ = {isa = PBXBuildFile; fileRef = 4EF4AB0F1DE7030900C5CF0C /* Request.swift */; };
		4EF4AB4C1DE7030900C5CF0C /* Response.swift in Sources */ = {isa = PBXBuildFile; fileRef = 4EF4AB101DE7030900C5CF0C /* Response.swift */; };
		4EF4AB4D1DE7030900C5CF0C /* Result.swift in Sources */ = {isa = PBXBuildFile; fileRef = 4EF4AB111DE7030900C5CF0C /* Result.swift */; };
		4EF4AB4E1DE7030900C5CF0C /* Download.swift in Sources */ = {isa = PBXBuildFile; fileRef = 4EF4AB131DE7030900C5CF0C /* Download.swift */; };
		4EF4AB4F1DE7030900C5CF0C /* MultipartFormData.swift in Sources */ = {isa = PBXBuildFile; fileRef = 4EF4AB141DE7030900C5CF0C /* MultipartFormData.swift */; };
		4EF4AB501DE7030900C5CF0C /* NetworkReachabilityManager.swift in Sources */ = {isa = PBXBuildFile; fileRef = 4EF4AB151DE7030900C5CF0C /* NetworkReachabilityManager.swift */; };
		4EF4AB511DE7030900C5CF0C /* ResponseSerialization.swift in Sources */ = {isa = PBXBuildFile; fileRef = 4EF4AB161DE7030900C5CF0C /* ResponseSerialization.swift */; };
		4EF4AB521DE7030900C5CF0C /* ServerTrustPolicy.swift in Sources */ = {isa = PBXBuildFile; fileRef = 4EF4AB171DE7030900C5CF0C /* ServerTrustPolicy.swift */; };
		4EF4AB531DE7030900C5CF0C /* Stream.swift in Sources */ = {isa = PBXBuildFile; fileRef = 4EF4AB181DE7030900C5CF0C /* Stream.swift */; };
		4EF4AB541DE7030900C5CF0C /* Timeline.swift in Sources */ = {isa = PBXBuildFile; fileRef = 4EF4AB191DE7030900C5CF0C /* Timeline.swift */; };
		4EF4AB551DE7030900C5CF0C /* Upload.swift in Sources */ = {isa = PBXBuildFile; fileRef = 4EF4AB1A1DE7030900C5CF0C /* Upload.swift */; };
		4EF4AB561DE7030900C5CF0C /* Validation.swift in Sources */ = {isa = PBXBuildFile; fileRef = 4EF4AB1B1DE7030900C5CF0C /* Validation.swift */; };
		4EF4AB571DE7030900C5CF0C /* Info-tvOS.plist in Resources */ = {isa = PBXBuildFile; fileRef = 4EF4AB1E1DE7030900C5CF0C /* Info-tvOS.plist */; };
		4EF4AB581DE7030900C5CF0C /* Info.plist in Resources */ = {isa = PBXBuildFile; fileRef = 4EF4AB1F1DE7030900C5CF0C /* Info.plist */; };
		4EF4AB591DE7030900C5CF0C /* Image.swift in Sources */ = {isa = PBXBuildFile; fileRef = 4EF4AB221DE7030900C5CF0C /* Image.swift */; };
		4EF4AB5A1DE7030900C5CF0C /* ImageCache.swift in Sources */ = {isa = PBXBuildFile; fileRef = 4EF4AB231DE7030900C5CF0C /* ImageCache.swift */; };
		4EF4AB5B1DE7030900C5CF0C /* ImageDownloader.swift in Sources */ = {isa = PBXBuildFile; fileRef = 4EF4AB241DE7030900C5CF0C /* ImageDownloader.swift */; };
		4EF4AB5C1DE7030900C5CF0C /* ImageFilter.swift in Sources */ = {isa = PBXBuildFile; fileRef = 4EF4AB251DE7030900C5CF0C /* ImageFilter.swift */; };
		4EF4AB5D1DE7030900C5CF0C /* Info-tvOS.plist in Resources */ = {isa = PBXBuildFile; fileRef = 4EF4AB261DE7030900C5CF0C /* Info-tvOS.plist */; };
		4EF4AB5E1DE7030900C5CF0C /* Info.plist in Resources */ = {isa = PBXBuildFile; fileRef = 4EF4AB271DE7030900C5CF0C /* Info.plist */; };
		4EF4AB5F1DE7030900C5CF0C /* Request+AlamofireImage.swift in Sources */ = {isa = PBXBuildFile; fileRef = 4EF4AB281DE7030900C5CF0C /* Request+AlamofireImage.swift */; };
		4EF4AB601DE7030900C5CF0C /* UIButton+AlamofireImage.swift in Sources */ = {isa = PBXBuildFile; fileRef = 4EF4AB291DE7030900C5CF0C /* UIButton+AlamofireImage.swift */; };
		4EF4AB611DE7030900C5CF0C /* UIImage+AlamofireImage.swift in Sources */ = {isa = PBXBuildFile; fileRef = 4EF4AB2A1DE7030900C5CF0C /* UIImage+AlamofireImage.swift */; };
		4EF4AB621DE7030900C5CF0C /* UIImageView+AlamofireImage.swift in Sources */ = {isa = PBXBuildFile; fileRef = 4EF4AB2B1DE7030900C5CF0C /* UIImageView+AlamofireImage.swift */; };
		4EF4AB631DE7030900C5CF0C /* AuthorizationManager.swift in Sources */ = {isa = PBXBuildFile; fileRef = 4EF4AB2C1DE7030900C5CF0C /* AuthorizationManager.swift */; };
		4EF4AB641DE7030900C5CF0C /* UIImageFilter.swift in Sources */ = {isa = PBXBuildFile; fileRef = 4EF4AB2D1DE7030900C5CF0C /* UIImageFilter.swift */; };
		4EF4AB651DE7030900C5CF0C /* ApiHandler.swift in Sources */ = {isa = PBXBuildFile; fileRef = 4EF4AB2F1DE7030900C5CF0C /* ApiHandler.swift */; };
		4EF4AB661DE7030900C5CF0C /* ApiParameters.swift in Sources */ = {isa = PBXBuildFile; fileRef = 4EF4AB301DE7030900C5CF0C /* ApiParameters.swift */; };
		4EF4AB671DE7030900C5CF0C /* ApiWebURLs.swift in Sources */ = {isa = PBXBuildFile; fileRef = 4EF4AB311DE7030900C5CF0C /* ApiWebURLs.swift */; };
		4EF4AB681DE7030900C5CF0C /* JSON_Keys.swift in Sources */ = {isa = PBXBuildFile; fileRef = 4EF4AB321DE7030900C5CF0C /* JSON_Keys.swift */; };
		4EF4AB691DE7030900C5CF0C /* ObjectBeacon.swift in Sources */ = {isa = PBXBuildFile; fileRef = 4EF4AB341DE7030900C5CF0C /* ObjectBeacon.swift */; };
		4EF4AB6A1DE7030900C5CF0C /* ObjectCampaign.swift in Sources */ = {isa = PBXBuildFile; fileRef = 4EF4AB351DE7030900C5CF0C /* ObjectCampaign.swift */; };
		4EF4AB6B1DE7030900C5CF0C /* ObjectCampaignAction.swift in Sources */ = {isa = PBXBuildFile; fileRef = 4EF4AB361DE7030900C5CF0C /* ObjectCampaignAction.swift */; };
		4EF4AB6C1DE7030900C5CF0C /* ObjectCategory.swift in Sources */ = {isa = PBXBuildFile; fileRef = 4EF4AB371DE7030900C5CF0C /* ObjectCategory.swift */; };
		4EF4AB6F1DE7030900C5CF0C /* ObjectGeoLocation.swift in Sources */ = {isa = PBXBuildFile; fileRef = 4EF4AB3A1DE7030900C5CF0C /* ObjectGeoLocation.swift */; };
		4EF4AB701DE7030900C5CF0C /* ObjectMalls.swift in Sources */ = {isa = PBXBuildFile; fileRef = 4EF4AB3B1DE7030900C5CF0C /* ObjectMalls.swift */; };
		4EF4AB711DE7030900C5CF0C /* ObjectMerchant.swift in Sources */ = {isa = PBXBuildFile; fileRef = 4EF4AB3C1DE7030900C5CF0C /* ObjectMerchant.swift */; };
		4EF4AB721DE7030900C5CF0C /* ObjectMerchantGroup.swift in Sources */ = {isa = PBXBuildFile; fileRef = 4EF4AB3D1DE7030900C5CF0C /* ObjectMerchantGroup.swift */; };
		4EF4AB731DE7030900C5CF0C /* ObjectStore.swift in Sources */ = {isa = PBXBuildFile; fileRef = 4EF4AB3E1DE7030900C5CF0C /* ObjectStore.swift */; };
		4EF4AB741DE7030900C5CF0C /* ProximateSDK.swift in Sources */ = {isa = PBXBuildFile; fileRef = 4EF4AB3F1DE7030900C5CF0C /* ProximateSDK.swift */; };
		4EF4AB751DE7030900C5CF0C /* MainCategoriesViewController.swift in Sources */ = {isa = PBXBuildFile; fileRef = 4EF4AB411DE7030900C5CF0C /* MainCategoriesViewController.swift */; };
		4EF4AB761DE7030900C5CF0C /* CategoryTableViewController.swift in Sources */ = {isa = PBXBuildFile; fileRef = 4EF4AB421DE7030900C5CF0C /* CategoryTableViewController.swift */; };
		4EF4AB791DE710F600C5CF0C /* SDKDefaultColor.swift in Sources */ = {isa = PBXBuildFile; fileRef = 4EF4AB781DE710F600C5CF0C /* SDKDefaultColor.swift */; };
		4EF4AB7F1DE814B400C5CF0C /* ObjectCampaignMedia.swift in Sources */ = {isa = PBXBuildFile; fileRef = 4EF4AB7E1DE814B400C5CF0C /* ObjectCampaignMedia.swift */; };
		4EF4AB821DE8182D00C5CF0C /* PSDKString.swift in Sources */ = {isa = PBXBuildFile; fileRef = 4EF4AB811DE8182D00C5CF0C /* PSDKString.swift */; };
		4EF4AB891DE828E700C5CF0C /* PSDKView.swift in Sources */ = {isa = PBXBuildFile; fileRef = 4EF4AB881DE828E700C5CF0C /* PSDKView.swift */; };
		4EF4AB8C1DE854CB00C5CF0C /* DateTimeUtility.swift in Sources */ = {isa = PBXBuildFile; fileRef = 4EF4AB8B1DE854CB00C5CF0C /* DateTimeUtility.swift */; };
		4EF4AB8E1DE8584B00C5CF0C /* Localizable.strings in Resources */ = {isa = PBXBuildFile; fileRef = 4EF4AB8D1DE8584B00C5CF0C /* Localizable.strings */; };
		4EF4AB951DE85CAA00C5CF0C /* MerchantTableViewCell.swift in Sources */ = {isa = PBXBuildFile; fileRef = 4EF4AB911DE85CAA00C5CF0C /* MerchantTableViewCell.swift */; };
		4EF4AB9E1DE85D8C00C5CF0C /* ImageCenterButton.m in Sources */ = {isa = PBXBuildFile; fileRef = 4EF4AB9D1DE85D8C00C5CF0C /* ImageCenterButton.m */; };
		8AD1491184D4278BEC5D1983 /* Pods_ProximateiOSSDK.framework in Frameworks */ = {isa = PBXBuildFile; fileRef = 038461DD0A2332431B0199FA /* Pods_ProximateiOSSDK.framework */; };
/* End PBXBuildFile section */

/* Begin PBXFileReference section */
		038461DD0A2332431B0199FA /* Pods_ProximateiOSSDK.framework */ = {isa = PBXFileReference; explicitFileType = wrapper.framework; includeInIndex = 0; path = Pods_ProximateiOSSDK.framework; sourceTree = BUILT_PRODUCTS_DIR; };
		42A14F924F30C26AA8AC07C0 /* Pods-ProximateiOSSDK.debug.xcconfig */ = {isa = PBXFileReference; includeInIndex = 1; lastKnownFileType = text.xcconfig; name = "Pods-ProximateiOSSDK.debug.xcconfig"; path = "Pods/Target Support Files/Pods-ProximateiOSSDK/Pods-ProximateiOSSDK.debug.xcconfig"; sourceTree = "<group>"; };
		4E1A5AD51DED5A3A00E6C198 /* CampaignHeaderView.swift */ = {isa = PBXFileReference; fileEncoding = 4; lastKnownFileType = sourcecode.swift; name = CampaignHeaderView.swift; path = CampaignHeaderView/CampaignHeaderView.swift; sourceTree = "<group>"; };
		4E1A5AD71DED5A4800E6C198 /* CampaignHeaderView.xib */ = {isa = PBXFileReference; fileEncoding = 4; lastKnownFileType = file.xib; name = CampaignHeaderView.xib; path = CampaignHeaderView/CampaignHeaderView.xib; sourceTree = "<group>"; };
		4E1A5AD91DED5AB600E6C198 /* ObjectCampaignTiming.swift */ = {isa = PBXFileReference; fileEncoding = 4; lastKnownFileType = sourcecode.swift; path = ObjectCampaignTiming.swift; sourceTree = "<group>"; };
		4E1A5ADB1DED5AC300E6C198 /* ObjectBank.swift */ = {isa = PBXFileReference; fileEncoding = 4; lastKnownFileType = sourcecode.swift; path = ObjectBank.swift; sourceTree = "<group>"; };
		4E1A5ADD1DED5ACC00E6C198 /* ObjectBankCard.swift */ = {isa = PBXFileReference; fileEncoding = 4; lastKnownFileType = sourcecode.swift; path = ObjectBankCard.swift; sourceTree = "<group>"; };
		4E1A5ADF1DED772800E6C198 /* CampaignViewController.swift */ = {isa = PBXFileReference; fileEncoding = 4; lastKnownFileType = sourcecode.swift; path = CampaignViewController.swift; sourceTree = "<group>"; };
		4E1A5AE11DED77D100E6C198 /* CampaignTableViewController.swift */ = {isa = PBXFileReference; fileEncoding = 4; lastKnownFileType = sourcecode.swift; path = CampaignTableViewController.swift; sourceTree = "<group>"; };
		4E1A5AE41DED89F000E6C198 /* CampaignTitleView.swift */ = {isa = PBXFileReference; fileEncoding = 4; lastKnownFileType = sourcecode.swift; name = CampaignTitleView.swift; path = Campaign/CampaignTitleView/CampaignTitleView.swift; sourceTree = "<group>"; };
		4E1A5AE71DEEA27400E6C198 /* CampaignMapViewController.swift */ = {isa = PBXFileReference; fileEncoding = 4; lastKnownFileType = sourcecode.swift; name = CampaignMapViewController.swift; path = Map/CampaignMapViewController.swift; sourceTree = "<group>"; };
		4E1A5AE91DEEA68200E6C198 /* MapKit.framework */ = {isa = PBXFileReference; lastKnownFileType = wrapper.framework; name = MapKit.framework; path = System/Library/Frameworks/MapKit.framework; sourceTree = SDKROOT; };
		4E217F551DEEE4EE00BB3A40 /* CCColorCube.h */ = {isa = PBXFileReference; fileEncoding = 4; lastKnownFileType = sourcecode.c.h; path = CCColorCube.h; sourceTree = "<group>"; };
		4E217F561DEEE4EE00BB3A40 /* CCColorCube.m */ = {isa = PBXFileReference; fileEncoding = 4; lastKnownFileType = sourcecode.c.objc; path = CCColorCube.m; sourceTree = "<group>"; };
		4E217F571DEEE4EE00BB3A40 /* CCLocalMaximum.h */ = {isa = PBXFileReference; fileEncoding = 4; lastKnownFileType = sourcecode.c.h; path = CCLocalMaximum.h; sourceTree = "<group>"; };
		4E217F581DEEE4EE00BB3A40 /* CCLocalMaximum.m */ = {isa = PBXFileReference; fileEncoding = 4; lastKnownFileType = sourcecode.c.objc; path = CCLocalMaximum.m; sourceTree = "<group>"; };
		4E217F5B1DEEF35F00BB3A40 /* BaseMapViewController.swift */ = {isa = PBXFileReference; fileEncoding = 4; lastKnownFileType = sourcecode.swift; path = BaseMapViewController.swift; sourceTree = "<group>"; };
		4E217F5D1DEEF53800BB3A40 /* MerchantMapViewController.swift */ = {isa = PBXFileReference; fileEncoding = 4; lastKnownFileType = sourcecode.swift; name = MerchantMapViewController.swift; path = Map/MerchantMapViewController.swift; sourceTree = "<group>"; };
		4E217F5F1DEEF5AB00BB3A40 /* ObjectMerchantStore.swift */ = {isa = PBXFileReference; fileEncoding = 4; lastKnownFileType = sourcecode.swift; path = ObjectMerchantStore.swift; sourceTree = "<group>"; };
		4E217F611DF03E7E00BB3A40 /* PSDKMerchant.swift */ = {isa = PBXFileReference; fileEncoding = 4; lastKnownFileType = sourcecode.swift; path = PSDKMerchant.swift; sourceTree = "<group>"; };
		4E720EAA1DE9C9BE00D97A1E /* QuartzCore.framework */ = {isa = PBXFileReference; lastKnownFileType = wrapper.framework; name = QuartzCore.framework; path = System/Library/Frameworks/QuartzCore.framework; sourceTree = SDKROOT; };
		4E720EB21DEA3A4100D97A1E /* LoadMoreTableViewCell.swift */ = {isa = PBXFileReference; fileEncoding = 4; lastKnownFileType = sourcecode.swift; path = LoadMoreTableViewCell.swift; sourceTree = "<group>"; };
		4E720EB31DEA3A4100D97A1E /* LoadMoreTableViewCell.xib */ = {isa = PBXFileReference; fileEncoding = 4; lastKnownFileType = file.xib; path = LoadMoreTableViewCell.xib; sourceTree = "<group>"; };
		4E720EB61DEA455400D97A1E /* MerchantTableViewController.swift */ = {isa = PBXFileReference; fileEncoding = 4; lastKnownFileType = sourcecode.swift; path = MerchantTableViewController.swift; sourceTree = "<group>"; };
		4E720EB81DEA456400D97A1E /* CampaignTableViewCell.swift */ = {isa = PBXFileReference; fileEncoding = 4; lastKnownFileType = sourcecode.swift; path = CampaignTableViewCell.swift; sourceTree = "<group>"; };
		4E720EBC1DEA514B00D97A1E /* FragmentCollectionViewCell.swift */ = {isa = PBXFileReference; fileEncoding = 4; lastKnownFileType = sourcecode.swift; path = FragmentCollectionViewCell.swift; sourceTree = "<group>"; };
		4E720EBD1DEA514B00D97A1E /* FragmentCollectionViewCell.xib */ = {isa = PBXFileReference; fileEncoding = 4; lastKnownFileType = file.xib; path = FragmentCollectionViewCell.xib; sourceTree = "<group>"; };
		4E720EC21DEAE4E800D97A1E /* MerchantHeaderView.swift */ = {isa = PBXFileReference; fileEncoding = 4; lastKnownFileType = sourcecode.swift; name = MerchantHeaderView.swift; path = MerchantHeaderView/MerchantHeaderView.swift; sourceTree = "<group>"; };
		4E720EC81DEAE50000D97A1E /* MerchantHeaderView.xib */ = {isa = PBXFileReference; fileEncoding = 4; lastKnownFileType = file.xib; name = MerchantHeaderView.xib; path = MerchantHeaderView/MerchantHeaderView.xib; sourceTree = "<group>"; };
		4E720ECB1DEAE58400D97A1E /* ImageSuperView.swift */ = {isa = PBXFileReference; fileEncoding = 4; lastKnownFileType = sourcecode.swift; path = ImageSuperView.swift; sourceTree = "<group>"; };
		4E720ED31DEAEBB600D97A1E /* SearchCategoryView.swift */ = {isa = PBXFileReference; fileEncoding = 4; lastKnownFileType = sourcecode.swift; path = SearchCategoryView.swift; sourceTree = "<group>"; };
		4E720ED41DEAEBB600D97A1E /* SearchCategoryView.xib */ = {isa = PBXFileReference; fileEncoding = 4; lastKnownFileType = file.xib; path = SearchCategoryView.xib; sourceTree = "<group>"; };
		4E720ED91DEAFD8300D97A1E /* OpenGLES.framework */ = {isa = PBXFileReference; lastKnownFileType = wrapper.framework; name = OpenGLES.framework; path = System/Library/Frameworks/OpenGLES.framework; sourceTree = SDKROOT; };
		4E720EFE1DEBFE7A00D97A1E /* Base */ = {isa = PBXFileReference; lastKnownFileType = file.storyboard; name = Base; path = Base.lproj/Main.storyboard; sourceTree = "<group>"; };
		4E720F011DEC441A00D97A1E /* OCMapperConfig.h */ = {isa = PBXFileReference; fileEncoding = 4; lastKnownFileType = sourcecode.c.h; path = OCMapperConfig.h; sourceTree = "<group>"; };
		4E720F021DEC441A00D97A1E /* OCMapperConfig.m */ = {isa = PBXFileReference; fileEncoding = 4; lastKnownFileType = sourcecode.c.objc; path = OCMapperConfig.m; sourceTree = "<group>"; };
		4EF4AAEB1DE702E200C5CF0C /* ProximateiOSSDK.app */ = {isa = PBXFileReference; explicitFileType = wrapper.application; includeInIndex = 0; path = ProximateiOSSDK.app; sourceTree = BUILT_PRODUCTS_DIR; };
		4EF4AAEE1DE702E200C5CF0C /* AppDelegate.swift */ = {isa = PBXFileReference; lastKnownFileType = sourcecode.swift; path = AppDelegate.swift; sourceTree = "<group>"; };
		4EF4AAF01DE702E200C5CF0C /* ViewController.swift */ = {isa = PBXFileReference; lastKnownFileType = sourcecode.swift; path = ViewController.swift; sourceTree = "<group>"; };
		4EF4AAF31DE702E200C5CF0C /* Base */ = {isa = PBXFileReference; lastKnownFileType = file.storyboard; name = Base; path = Base.lproj/ProximateSDK.storyboard; sourceTree = "<group>"; };
		4EF4AAF51DE702E200C5CF0C /* ProximateSDKAssets.xcassets */ = {isa = PBXFileReference; lastKnownFileType = folder.assetcatalog; name = ProximateSDKAssets.xcassets; path = ../ProximateSDKAssets.xcassets; sourceTree = "<group>"; };
		4EF4AAF81DE702E200C5CF0C /* Base */ = {isa = PBXFileReference; lastKnownFileType = file.storyboard; name = Base; path = Base.lproj/LaunchScreen.storyboard; sourceTree = "<group>"; };
		4EF4AAFA1DE702E200C5CF0C /* Info.plist */ = {isa = PBXFileReference; lastKnownFileType = text.plist.xml; path = Info.plist; sourceTree = "<group>"; };
		4EF4AB011DE7030900C5CF0C /* DebugLogger.swift */ = {isa = PBXFileReference; fileEncoding = 4; lastKnownFileType = sourcecode.swift; path = DebugLogger.swift; sourceTree = "<group>"; };
		4EF4AB031DE7030900C5CF0C /* CAPSPageMenu.swift */ = {isa = PBXFileReference; fileEncoding = 4; lastKnownFileType = sourcecode.swift; path = CAPSPageMenu.swift; sourceTree = "<group>"; };
		4EF4AB091DE7030900C5CF0C /* Alamofire.swift */ = {isa = PBXFileReference; fileEncoding = 4; lastKnownFileType = sourcecode.swift; path = Alamofire.swift; sourceTree = "<group>"; };
		4EF4AB0B1DE7030900C5CF0C /* Error.swift */ = {isa = PBXFileReference; fileEncoding = 4; lastKnownFileType = sourcecode.swift; path = Error.swift; sourceTree = "<group>"; };
		4EF4AB0C1DE7030900C5CF0C /* Manager.swift */ = {isa = PBXFileReference; fileEncoding = 4; lastKnownFileType = sourcecode.swift; path = Manager.swift; sourceTree = "<group>"; };
		4EF4AB0D1DE7030900C5CF0C /* Notifications.swift */ = {isa = PBXFileReference; fileEncoding = 4; lastKnownFileType = sourcecode.swift; path = Notifications.swift; sourceTree = "<group>"; };
		4EF4AB0E1DE7030900C5CF0C /* ParameterEncoding.swift */ = {isa = PBXFileReference; fileEncoding = 4; lastKnownFileType = sourcecode.swift; path = ParameterEncoding.swift; sourceTree = "<group>"; };
		4EF4AB0F1DE7030900C5CF0C /* Request.swift */ = {isa = PBXFileReference; fileEncoding = 4; lastKnownFileType = sourcecode.swift; path = Request.swift; sourceTree = "<group>"; };
		4EF4AB101DE7030900C5CF0C /* Response.swift */ = {isa = PBXFileReference; fileEncoding = 4; lastKnownFileType = sourcecode.swift; path = Response.swift; sourceTree = "<group>"; };
		4EF4AB111DE7030900C5CF0C /* Result.swift */ = {isa = PBXFileReference; fileEncoding = 4; lastKnownFileType = sourcecode.swift; path = Result.swift; sourceTree = "<group>"; };
		4EF4AB131DE7030900C5CF0C /* Download.swift */ = {isa = PBXFileReference; fileEncoding = 4; lastKnownFileType = sourcecode.swift; path = Download.swift; sourceTree = "<group>"; };
		4EF4AB141DE7030900C5CF0C /* MultipartFormData.swift */ = {isa = PBXFileReference; fileEncoding = 4; lastKnownFileType = sourcecode.swift; path = MultipartFormData.swift; sourceTree = "<group>"; };
		4EF4AB151DE7030900C5CF0C /* NetworkReachabilityManager.swift */ = {isa = PBXFileReference; fileEncoding = 4; lastKnownFileType = sourcecode.swift; path = NetworkReachabilityManager.swift; sourceTree = "<group>"; };
		4EF4AB161DE7030900C5CF0C /* ResponseSerialization.swift */ = {isa = PBXFileReference; fileEncoding = 4; lastKnownFileType = sourcecode.swift; path = ResponseSerialization.swift; sourceTree = "<group>"; };
		4EF4AB171DE7030900C5CF0C /* ServerTrustPolicy.swift */ = {isa = PBXFileReference; fileEncoding = 4; lastKnownFileType = sourcecode.swift; path = ServerTrustPolicy.swift; sourceTree = "<group>"; };
		4EF4AB181DE7030900C5CF0C /* Stream.swift */ = {isa = PBXFileReference; fileEncoding = 4; lastKnownFileType = sourcecode.swift; path = Stream.swift; sourceTree = "<group>"; };
		4EF4AB191DE7030900C5CF0C /* Timeline.swift */ = {isa = PBXFileReference; fileEncoding = 4; lastKnownFileType = sourcecode.swift; path = Timeline.swift; sourceTree = "<group>"; };
		4EF4AB1A1DE7030900C5CF0C /* Upload.swift */ = {isa = PBXFileReference; fileEncoding = 4; lastKnownFileType = sourcecode.swift; path = Upload.swift; sourceTree = "<group>"; };
		4EF4AB1B1DE7030900C5CF0C /* Validation.swift */ = {isa = PBXFileReference; fileEncoding = 4; lastKnownFileType = sourcecode.swift; path = Validation.swift; sourceTree = "<group>"; };
		4EF4AB1D1DE7030900C5CF0C /* Alamofire.h */ = {isa = PBXFileReference; fileEncoding = 4; lastKnownFileType = sourcecode.c.h; path = Alamofire.h; sourceTree = "<group>"; };
		4EF4AB1E1DE7030900C5CF0C /* Info-tvOS.plist */ = {isa = PBXFileReference; fileEncoding = 4; lastKnownFileType = text.plist.xml; path = "Info-tvOS.plist"; sourceTree = "<group>"; };
		4EF4AB1F1DE7030900C5CF0C /* Info.plist */ = {isa = PBXFileReference; fileEncoding = 4; lastKnownFileType = text.plist.xml; path = Info.plist; sourceTree = "<group>"; };
		4EF4AB211DE7030900C5CF0C /* AlamofireImage.h */ = {isa = PBXFileReference; fileEncoding = 4; lastKnownFileType = sourcecode.c.h; path = AlamofireImage.h; sourceTree = "<group>"; };
		4EF4AB221DE7030900C5CF0C /* Image.swift */ = {isa = PBXFileReference; fileEncoding = 4; lastKnownFileType = sourcecode.swift; path = Image.swift; sourceTree = "<group>"; };
		4EF4AB231DE7030900C5CF0C /* ImageCache.swift */ = {isa = PBXFileReference; fileEncoding = 4; lastKnownFileType = sourcecode.swift; path = ImageCache.swift; sourceTree = "<group>"; };
		4EF4AB241DE7030900C5CF0C /* ImageDownloader.swift */ = {isa = PBXFileReference; fileEncoding = 4; lastKnownFileType = sourcecode.swift; path = ImageDownloader.swift; sourceTree = "<group>"; };
		4EF4AB251DE7030900C5CF0C /* ImageFilter.swift */ = {isa = PBXFileReference; fileEncoding = 4; lastKnownFileType = sourcecode.swift; path = ImageFilter.swift; sourceTree = "<group>"; };
		4EF4AB261DE7030900C5CF0C /* Info-tvOS.plist */ = {isa = PBXFileReference; fileEncoding = 4; lastKnownFileType = text.plist.xml; path = "Info-tvOS.plist"; sourceTree = "<group>"; };
		4EF4AB271DE7030900C5CF0C /* Info.plist */ = {isa = PBXFileReference; fileEncoding = 4; lastKnownFileType = text.plist.xml; path = Info.plist; sourceTree = "<group>"; };
		4EF4AB281DE7030900C5CF0C /* Request+AlamofireImage.swift */ = {isa = PBXFileReference; fileEncoding = 4; lastKnownFileType = sourcecode.swift; path = "Request+AlamofireImage.swift"; sourceTree = "<group>"; };
		4EF4AB291DE7030900C5CF0C /* UIButton+AlamofireImage.swift */ = {isa = PBXFileReference; fileEncoding = 4; lastKnownFileType = sourcecode.swift; path = "UIButton+AlamofireImage.swift"; sourceTree = "<group>"; };
		4EF4AB2A1DE7030900C5CF0C /* UIImage+AlamofireImage.swift */ = {isa = PBXFileReference; fileEncoding = 4; lastKnownFileType = sourcecode.swift; path = "UIImage+AlamofireImage.swift"; sourceTree = "<group>"; };
		4EF4AB2B1DE7030900C5CF0C /* UIImageView+AlamofireImage.swift */ = {isa = PBXFileReference; fileEncoding = 4; lastKnownFileType = sourcecode.swift; path = "UIImageView+AlamofireImage.swift"; sourceTree = "<group>"; };
		4EF4AB2C1DE7030900C5CF0C /* AuthorizationManager.swift */ = {isa = PBXFileReference; fileEncoding = 4; lastKnownFileType = sourcecode.swift; path = AuthorizationManager.swift; sourceTree = "<group>"; };
		4EF4AB2D1DE7030900C5CF0C /* UIImageFilter.swift */ = {isa = PBXFileReference; fileEncoding = 4; lastKnownFileType = sourcecode.swift; path = UIImageFilter.swift; sourceTree = "<group>"; };
		4EF4AB2F1DE7030900C5CF0C /* ApiHandler.swift */ = {isa = PBXFileReference; fileEncoding = 4; lastKnownFileType = sourcecode.swift; path = ApiHandler.swift; sourceTree = "<group>"; };
		4EF4AB301DE7030900C5CF0C /* ApiParameters.swift */ = {isa = PBXFileReference; fileEncoding = 4; lastKnownFileType = sourcecode.swift; path = ApiParameters.swift; sourceTree = "<group>"; };
		4EF4AB311DE7030900C5CF0C /* ApiWebURLs.swift */ = {isa = PBXFileReference; fileEncoding = 4; lastKnownFileType = sourcecode.swift; path = ApiWebURLs.swift; sourceTree = "<group>"; };
		4EF4AB321DE7030900C5CF0C /* JSON_Keys.swift */ = {isa = PBXFileReference; fileEncoding = 4; lastKnownFileType = sourcecode.swift; path = JSON_Keys.swift; sourceTree = "<group>"; };
		4EF4AB341DE7030900C5CF0C /* ObjectBeacon.swift */ = {isa = PBXFileReference; fileEncoding = 4; lastKnownFileType = sourcecode.swift; path = ObjectBeacon.swift; sourceTree = "<group>"; };
		4EF4AB351DE7030900C5CF0C /* ObjectCampaign.swift */ = {isa = PBXFileReference; fileEncoding = 4; lastKnownFileType = sourcecode.swift; path = ObjectCampaign.swift; sourceTree = "<group>"; };
		4EF4AB361DE7030900C5CF0C /* ObjectCampaignAction.swift */ = {isa = PBXFileReference; fileEncoding = 4; lastKnownFileType = sourcecode.swift; path = ObjectCampaignAction.swift; sourceTree = "<group>"; };
		4EF4AB371DE7030900C5CF0C /* ObjectCategory.swift */ = {isa = PBXFileReference; fileEncoding = 4; lastKnownFileType = sourcecode.swift; path = ObjectCategory.swift; sourceTree = "<group>"; };
		4EF4AB3A1DE7030900C5CF0C /* ObjectGeoLocation.swift */ = {isa = PBXFileReference; fileEncoding = 4; lastKnownFileType = sourcecode.swift; path = ObjectGeoLocation.swift; sourceTree = "<group>"; };
		4EF4AB3B1DE7030900C5CF0C /* ObjectMalls.swift */ = {isa = PBXFileReference; fileEncoding = 4; lastKnownFileType = sourcecode.swift; path = ObjectMalls.swift; sourceTree = "<group>"; };
		4EF4AB3C1DE7030900C5CF0C /* ObjectMerchant.swift */ = {isa = PBXFileReference; fileEncoding = 4; lastKnownFileType = sourcecode.swift; path = ObjectMerchant.swift; sourceTree = "<group>"; };
		4EF4AB3D1DE7030900C5CF0C /* ObjectMerchantGroup.swift */ = {isa = PBXFileReference; fileEncoding = 4; lastKnownFileType = sourcecode.swift; path = ObjectMerchantGroup.swift; sourceTree = "<group>"; };
		4EF4AB3E1DE7030900C5CF0C /* ObjectStore.swift */ = {isa = PBXFileReference; fileEncoding = 4; lastKnownFileType = sourcecode.swift; path = ObjectStore.swift; sourceTree = "<group>"; };
		4EF4AB3F1DE7030900C5CF0C /* ProximateSDK.swift */ = {isa = PBXFileReference; fileEncoding = 4; lastKnownFileType = sourcecode.swift; path = ProximateSDK.swift; sourceTree = "<group>"; };
		4EF4AB411DE7030900C5CF0C /* MainCategoriesViewController.swift */ = {isa = PBXFileReference; fileEncoding = 4; lastKnownFileType = sourcecode.swift; path = MainCategoriesViewController.swift; sourceTree = "<group>"; };
		4EF4AB421DE7030900C5CF0C /* CategoryTableViewController.swift */ = {isa = PBXFileReference; fileEncoding = 4; lastKnownFileType = sourcecode.swift; path = CategoryTableViewController.swift; sourceTree = "<group>"; };
		4EF4AB781DE710F600C5CF0C /* SDKDefaultColor.swift */ = {isa = PBXFileReference; fileEncoding = 4; lastKnownFileType = sourcecode.swift; name = SDKDefaultColor.swift; path = Defaults/SDKDefaultColor.swift; sourceTree = "<group>"; };
		4EF4AB7E1DE814B400C5CF0C /* ObjectCampaignMedia.swift */ = {isa = PBXFileReference; fileEncoding = 4; lastKnownFileType = sourcecode.swift; path = ObjectCampaignMedia.swift; sourceTree = "<group>"; };
		4EF4AB811DE8182D00C5CF0C /* PSDKString.swift */ = {isa = PBXFileReference; fileEncoding = 4; lastKnownFileType = sourcecode.swift; name = PSDKString.swift; path = Extensions/PSDKString.swift; sourceTree = "<group>"; };
		4EF4AB881DE828E700C5CF0C /* PSDKView.swift */ = {isa = PBXFileReference; fileEncoding = 4; lastKnownFileType = sourcecode.swift; name = PSDKView.swift; path = Extensions/PSDKView.swift; sourceTree = "<group>"; };
		4EF4AB8B1DE854CB00C5CF0C /* DateTimeUtility.swift */ = {isa = PBXFileReference; fileEncoding = 4; lastKnownFileType = sourcecode.swift; name = DateTimeUtility.swift; path = Utilities/DateTimeUtility.swift; sourceTree = "<group>"; };
		4EF4AB8D1DE8584B00C5CF0C /* Localizable.strings */ = {isa = PBXFileReference; fileEncoding = 4; lastKnownFileType = text.plist.strings; path = Localizable.strings; sourceTree = "<group>"; };
		4EF4AB911DE85CAA00C5CF0C /* MerchantTableViewCell.swift */ = {isa = PBXFileReference; fileEncoding = 4; lastKnownFileType = sourcecode.swift; path = MerchantTableViewCell.swift; sourceTree = "<group>"; };
		4EF4AB9C1DE85D8C00C5CF0C /* ImageCenterButton.h */ = {isa = PBXFileReference; fileEncoding = 4; lastKnownFileType = sourcecode.c.h; path = ImageCenterButton.h; sourceTree = "<group>"; };
		4EF4AB9D1DE85D8C00C5CF0C /* ImageCenterButton.m */ = {isa = PBXFileReference; fileEncoding = 4; lastKnownFileType = sourcecode.c.objc; path = ImageCenterButton.m; sourceTree = "<group>"; };
		4EF4AB9F1DE85DD700C5CF0C /* ProximateiOSSDK-Bridging-Header.h */ = {isa = PBXFileReference; lastKnownFileType = sourcecode.c.h; path = "ProximateiOSSDK-Bridging-Header.h"; sourceTree = "<group>"; };
		687AFC6F26FC9E6ED8D1E849 /* Pods-ProximateiOSSDK.release.xcconfig */ = {isa = PBXFileReference; includeInIndex = 1; lastKnownFileType = text.xcconfig; name = "Pods-ProximateiOSSDK.release.xcconfig"; path = "Pods/Target Support Files/Pods-ProximateiOSSDK/Pods-ProximateiOSSDK.release.xcconfig"; sourceTree = "<group>"; };
/* End PBXFileReference section */

/* Begin PBXFrameworksBuildPhase section */
		4EF4AAE81DE702E200C5CF0C /* Frameworks */ = {
			isa = PBXFrameworksBuildPhase;
			buildActionMask = 2147483647;
			files = (
				4E1A5AEA1DEEA68200E6C198 /* MapKit.framework in Frameworks */,
				4E720EDA1DEAFD8300D97A1E /* OpenGLES.framework in Frameworks */,
				4E720EAB1DE9C9BE00D97A1E /* QuartzCore.framework in Frameworks */,
				8AD1491184D4278BEC5D1983 /* Pods_ProximateiOSSDK.framework in Frameworks */,
			);
			runOnlyForDeploymentPostprocessing = 0;
		};
/* End PBXFrameworksBuildPhase section */

/* Begin PBXGroup section */
		0797F6D07E62778259DC8E0D /* Pods */ = {
			isa = PBXGroup;
			children = (
				42A14F924F30C26AA8AC07C0 /* Pods-ProximateiOSSDK.debug.xcconfig */,
				687AFC6F26FC9E6ED8D1E849 /* Pods-ProximateiOSSDK.release.xcconfig */,
			);
			name = Pods;
			sourceTree = "<group>";
		};
		4A91D5E200DEA0BA0E5B1D02 /* Frameworks */ = {
			isa = PBXGroup;
			children = (
				4E1A5AE91DEEA68200E6C198 /* MapKit.framework */,
				038461DD0A2332431B0199FA /* Pods_ProximateiOSSDK.framework */,
			);
			name = Frameworks;
			sourceTree = "<group>";
		};
		4E1A5AD41DED5A0000E6C198 /* CampaignHeaderView */ = {
			isa = PBXGroup;
			children = (
				4E1A5AD51DED5A3A00E6C198 /* CampaignHeaderView.swift */,
				4E1A5AD71DED5A4800E6C198 /* CampaignHeaderView.xib */,
			);
			name = CampaignHeaderView;
			sourceTree = "<group>";
		};
		4E1A5AE31DED89D000E6C198 /* CampaignTitleView */ = {
			isa = PBXGroup;
			children = (
				4E1A5AE41DED89F000E6C198 /* CampaignTitleView.swift */,
			);
			name = CampaignTitleView;
			sourceTree = "<group>";
		};
		4E1A5AE61DEEA25F00E6C198 /* Map */ = {
			isa = PBXGroup;
			children = (
				4E217F5B1DEEF35F00BB3A40 /* BaseMapViewController.swift */,
				4E1A5AE71DEEA27400E6C198 /* CampaignMapViewController.swift */,
				4E217F5D1DEEF53800BB3A40 /* MerchantMapViewController.swift */,
			);
			name = Map;
			sourceTree = "<group>";
		};
		4E217F541DEEE4EE00BB3A40 /* ColorCube */ = {
			isa = PBXGroup;
			children = (
				4E217F551DEEE4EE00BB3A40 /* CCColorCube.h */,
				4E217F561DEEE4EE00BB3A40 /* CCColorCube.m */,
				4E217F571DEEE4EE00BB3A40 /* CCLocalMaximum.h */,
				4E217F581DEEE4EE00BB3A40 /* CCLocalMaximum.m */,
			);
			path = ColorCube;
			sourceTree = "<group>";
		};
		4E720EB11DEA3A4100D97A1E /* LoadMoreTableViewCell */ = {
			isa = PBXGroup;
			children = (
				4E720EB21DEA3A4100D97A1E /* LoadMoreTableViewCell.swift */,
				4E720EB31DEA3A4100D97A1E /* LoadMoreTableViewCell.xib */,
			);
			path = LoadMoreTableViewCell;
			sourceTree = "<group>";
		};
		4E720EBA1DEA512000D97A1E /* UICollectionViewCell */ = {
			isa = PBXGroup;
			children = (
				4E720EBB1DEA514B00D97A1E /* FragmentCollectionViewCell */,
			);
			name = UICollectionViewCell;
			sourceTree = "<group>";
		};
		4E720EBB1DEA514B00D97A1E /* FragmentCollectionViewCell */ = {
			isa = PBXGroup;
			children = (
				4E720EBC1DEA514B00D97A1E /* FragmentCollectionViewCell.swift */,
				4E720EBD1DEA514B00D97A1E /* FragmentCollectionViewCell.xib */,
			);
			name = FragmentCollectionViewCell;
			path = Views/UICollectionViewCell/FragmentCollectionViewCell;
			sourceTree = "<group>";
		};
		4E720EC01DEAE48800D97A1E /* SearchCategoryView */ = {
			isa = PBXGroup;
			children = (
				4E720ED31DEAEBB600D97A1E /* SearchCategoryView.swift */,
				4E720ED41DEAEBB600D97A1E /* SearchCategoryView.xib */,
			);
			name = SearchCategoryView;
			sourceTree = "<group>";
		};
		4E720EC11DEAE49200D97A1E /* MerchantHeaderView */ = {
			isa = PBXGroup;
			children = (
				4E720EC21DEAE4E800D97A1E /* MerchantHeaderView.swift */,
				4E720EC81DEAE50000D97A1E /* MerchantHeaderView.xib */,
			);
			name = MerchantHeaderView;
			sourceTree = "<group>";
		};
		4E720ECA1DEAE57500D97A1E /* ImageSuperView */ = {
			isa = PBXGroup;
			children = (
				4E720ECB1DEAE58400D97A1E /* ImageSuperView.swift */,
			);
			name = ImageSuperView;
			sourceTree = "<group>";
		};
		4E720F001DEC441A00D97A1E /* OCMapperConfig */ = {
			isa = PBXGroup;
			children = (
				4E720F011DEC441A00D97A1E /* OCMapperConfig.h */,
				4E720F021DEC441A00D97A1E /* OCMapperConfig.m */,
			);
			path = OCMapperConfig;
			sourceTree = "<group>";
		};
		4EF4AAE21DE702E200C5CF0C = {
			isa = PBXGroup;
			children = (
				4E720ED91DEAFD8300D97A1E /* OpenGLES.framework */,
				4E720EAA1DE9C9BE00D97A1E /* QuartzCore.framework */,
				4EF4AB001DE7030900C5CF0C /* Proximate */,
				4EF4AAED1DE702E200C5CF0C /* ProximateiOSSDK */,
				4EF4AAEC1DE702E200C5CF0C /* Products */,
				0797F6D07E62778259DC8E0D /* Pods */,
				4A91D5E200DEA0BA0E5B1D02 /* Frameworks */,
			);
			sourceTree = "<group>";
		};
		4EF4AAEC1DE702E200C5CF0C /* Products */ = {
			isa = PBXGroup;
			children = (
				4EF4AAEB1DE702E200C5CF0C /* ProximateiOSSDK.app */,
			);
			name = Products;
			sourceTree = "<group>";
		};
		4EF4AAED1DE702E200C5CF0C /* ProximateiOSSDK */ = {
			isa = PBXGroup;
			children = (
				4EF4AAEE1DE702E200C5CF0C /* AppDelegate.swift */,
				4EF4AAF01DE702E200C5CF0C /* ViewController.swift */,
				4E720EFD1DEBFE7A00D97A1E /* Main.storyboard */,
				4EF4AB9F1DE85DD700C5CF0C /* ProximateiOSSDK-Bridging-Header.h */,
				4EF4AAF71DE702E200C5CF0C /* LaunchScreen.storyboard */,
				4EF4AAFA1DE702E200C5CF0C /* Info.plist */,
			);
			path = ProximateiOSSDK;
			sourceTree = "<group>";
		};
		4EF4AB001DE7030900C5CF0C /* Proximate */ = {
			isa = PBXGroup;
			children = (
				4EF4AB8D1DE8584B00C5CF0C /* Localizable.strings */,
				4EF4AB3F1DE7030900C5CF0C /* ProximateSDK.swift */,
				4EF4AAF21DE702E200C5CF0C /* ProximateSDK.storyboard */,
				4EF4AAF51DE702E200C5CF0C /* ProximateSDKAssets.xcassets */,
				4EF4AB7A1DE8105800C5CF0C /* Views */,
				4EF4AB8A1DE8549900C5CF0C /* Utilities */,
				4EF4AB801DE8180A00C5CF0C /* Extensions */,
				4EF4AB771DE710D000C5CF0C /* Defaults */,
				4EF4AB011DE7030900C5CF0C /* DebugLogger.swift */,
				4EF4AB021DE7030900C5CF0C /* Libraries */,
				4EF4AB061DE7030900C5CF0C /* Networking */,
				4EF4AB331DE7030900C5CF0C /* Objects */,
				4EF4AB401DE7030900C5CF0C /* ViewController */,
			);
			name = Proximate;
			path = ProximateiOSSDK/Proximate;
			sourceTree = "<group>";
		};
		4EF4AB021DE7030900C5CF0C /* Libraries */ = {
			isa = PBXGroup;
			children = (
				4E217F541DEEE4EE00BB3A40 /* ColorCube */,
				4E720F001DEC441A00D97A1E /* OCMapperConfig */,
				4EF4AB031DE7030900C5CF0C /* CAPSPageMenu.swift */,
			);
			path = Libraries;
			sourceTree = "<group>";
		};
		4EF4AB061DE7030900C5CF0C /* Networking */ = {
			isa = PBXGroup;
			children = (
				4EF4AB071DE7030900C5CF0C /* Alamofire */,
				4EF4AB2E1DE7030900C5CF0C /* ApiHandler */,
			);
			path = Networking;
			sourceTree = "<group>";
		};
		4EF4AB071DE7030900C5CF0C /* Alamofire */ = {
			isa = PBXGroup;
			children = (
				4EF4AB081DE7030900C5CF0C /* Alamofire */,
				4EF4AB201DE7030900C5CF0C /* AlamofireImage */,
				4EF4AB2C1DE7030900C5CF0C /* AuthorizationManager.swift */,
				4EF4AB2D1DE7030900C5CF0C /* UIImageFilter.swift */,
			);
			path = Alamofire;
			sourceTree = "<group>";
		};
		4EF4AB081DE7030900C5CF0C /* Alamofire */ = {
			isa = PBXGroup;
			children = (
				4EF4AB091DE7030900C5CF0C /* Alamofire.swift */,
				4EF4AB0A1DE7030900C5CF0C /* Core */,
				4EF4AB121DE7030900C5CF0C /* Features */,
				4EF4AB1C1DE7030900C5CF0C /* Supporting Files */,
			);
			path = Alamofire;
			sourceTree = "<group>";
		};
		4EF4AB0A1DE7030900C5CF0C /* Core */ = {
			isa = PBXGroup;
			children = (
				4EF4AB0B1DE7030900C5CF0C /* Error.swift */,
				4EF4AB0C1DE7030900C5CF0C /* Manager.swift */,
				4EF4AB0D1DE7030900C5CF0C /* Notifications.swift */,
				4EF4AB0E1DE7030900C5CF0C /* ParameterEncoding.swift */,
				4EF4AB0F1DE7030900C5CF0C /* Request.swift */,
				4EF4AB101DE7030900C5CF0C /* Response.swift */,
				4EF4AB111DE7030900C5CF0C /* Result.swift */,
			);
			path = Core;
			sourceTree = "<group>";
		};
		4EF4AB121DE7030900C5CF0C /* Features */ = {
			isa = PBXGroup;
			children = (
				4EF4AB131DE7030900C5CF0C /* Download.swift */,
				4EF4AB141DE7030900C5CF0C /* MultipartFormData.swift */,
				4EF4AB151DE7030900C5CF0C /* NetworkReachabilityManager.swift */,
				4EF4AB161DE7030900C5CF0C /* ResponseSerialization.swift */,
				4EF4AB171DE7030900C5CF0C /* ServerTrustPolicy.swift */,
				4EF4AB181DE7030900C5CF0C /* Stream.swift */,
				4EF4AB191DE7030900C5CF0C /* Timeline.swift */,
				4EF4AB1A1DE7030900C5CF0C /* Upload.swift */,
				4EF4AB1B1DE7030900C5CF0C /* Validation.swift */,
			);
			path = Features;
			sourceTree = "<group>";
		};
		4EF4AB1C1DE7030900C5CF0C /* Supporting Files */ = {
			isa = PBXGroup;
			children = (
				4EF4AB1D1DE7030900C5CF0C /* Alamofire.h */,
				4EF4AB1E1DE7030900C5CF0C /* Info-tvOS.plist */,
				4EF4AB1F1DE7030900C5CF0C /* Info.plist */,
			);
			path = "Supporting Files";
			sourceTree = "<group>";
		};
		4EF4AB201DE7030900C5CF0C /* AlamofireImage */ = {
			isa = PBXGroup;
			children = (
				4EF4AB211DE7030900C5CF0C /* AlamofireImage.h */,
				4EF4AB221DE7030900C5CF0C /* Image.swift */,
				4EF4AB231DE7030900C5CF0C /* ImageCache.swift */,
				4EF4AB241DE7030900C5CF0C /* ImageDownloader.swift */,
				4EF4AB251DE7030900C5CF0C /* ImageFilter.swift */,
				4EF4AB261DE7030900C5CF0C /* Info-tvOS.plist */,
				4EF4AB271DE7030900C5CF0C /* Info.plist */,
				4EF4AB281DE7030900C5CF0C /* Request+AlamofireImage.swift */,
				4EF4AB291DE7030900C5CF0C /* UIButton+AlamofireImage.swift */,
				4EF4AB2A1DE7030900C5CF0C /* UIImage+AlamofireImage.swift */,
				4EF4AB2B1DE7030900C5CF0C /* UIImageView+AlamofireImage.swift */,
			);
			path = AlamofireImage;
			sourceTree = "<group>";
		};
		4EF4AB2E1DE7030900C5CF0C /* ApiHandler */ = {
			isa = PBXGroup;
			children = (
				4EF4AB2F1DE7030900C5CF0C /* ApiHandler.swift */,
				4EF4AB301DE7030900C5CF0C /* ApiParameters.swift */,
				4EF4AB311DE7030900C5CF0C /* ApiWebURLs.swift */,
				4EF4AB321DE7030900C5CF0C /* JSON_Keys.swift */,
			);
			path = ApiHandler;
			sourceTree = "<group>";
		};
		4EF4AB331DE7030900C5CF0C /* Objects */ = {
			isa = PBXGroup;
			children = (
				4EF4AB341DE7030900C5CF0C /* ObjectBeacon.swift */,
				4EF4AB351DE7030900C5CF0C /* ObjectCampaign.swift */,
				4EF4AB361DE7030900C5CF0C /* ObjectCampaignAction.swift */,
				4EF4AB7E1DE814B400C5CF0C /* ObjectCampaignMedia.swift */,
				4EF4AB371DE7030900C5CF0C /* ObjectCategory.swift */,
				4EF4AB3A1DE7030900C5CF0C /* ObjectGeoLocation.swift */,
				4EF4AB3B1DE7030900C5CF0C /* ObjectMalls.swift */,
				4EF4AB3C1DE7030900C5CF0C /* ObjectMerchant.swift */,
				4EF4AB3D1DE7030900C5CF0C /* ObjectMerchantGroup.swift */,
				4E217F611DF03E7E00BB3A40 /* PSDKMerchant.swift */,
				4EF4AB3E1DE7030900C5CF0C /* ObjectStore.swift */,
				4E1A5AD91DED5AB600E6C198 /* ObjectCampaignTiming.swift */,
				4E1A5ADB1DED5AC300E6C198 /* ObjectBank.swift */,
				4E1A5ADD1DED5ACC00E6C198 /* ObjectBankCard.swift */,
				4E217F5F1DEEF5AB00BB3A40 /* ObjectMerchantStore.swift */,
			);
			path = Objects;
			sourceTree = "<group>";
		};
		4EF4AB401DE7030900C5CF0C /* ViewController */ = {
			isa = PBXGroup;
			children = (
				4EF4AB411DE7030900C5CF0C /* MainCategoriesViewController.swift */,
				4EF4AB421DE7030900C5CF0C /* CategoryTableViewController.swift */,
				4E720EB61DEA455400D97A1E /* MerchantTableViewController.swift */,
				4E1A5ADF1DED772800E6C198 /* CampaignViewController.swift */,
				4E1A5AE11DED77D100E6C198 /* CampaignTableViewController.swift */,
				4E1A5AE61DEEA25F00E6C198 /* Map */,
			);
			path = ViewController;
			sourceTree = "<group>";
		};
		4EF4AB771DE710D000C5CF0C /* Defaults */ = {
			isa = PBXGroup;
			children = (
				4EF4AB781DE710F600C5CF0C /* SDKDefaultColor.swift */,
			);
			name = Defaults;
			sourceTree = "<group>";
		};
		4EF4AB7A1DE8105800C5CF0C /* Views */ = {
			isa = PBXGroup;
			children = (
				4E720EBA1DEA512000D97A1E /* UICollectionViewCell */,
				4EF4AB8F1DE85CAA00C5CF0C /* UIButton */,
				4EF4AB901DE85CAA00C5CF0C /* UITableViewCell */,
				4EF4AB921DE85CAA00C5CF0C /* UIView */,
			);
			name = Views;
			sourceTree = "<group>";
		};
		4EF4AB801DE8180A00C5CF0C /* Extensions */ = {
			isa = PBXGroup;
			children = (
				4EF4AB811DE8182D00C5CF0C /* PSDKString.swift */,
				4EF4AB881DE828E700C5CF0C /* PSDKView.swift */,
			);
			name = Extensions;
			sourceTree = "<group>";
		};
		4EF4AB8A1DE8549900C5CF0C /* Utilities */ = {
			isa = PBXGroup;
			children = (
				4EF4AB8B1DE854CB00C5CF0C /* DateTimeUtility.swift */,
			);
			name = Utilities;
			sourceTree = "<group>";
		};
		4EF4AB8F1DE85CAA00C5CF0C /* UIButton */ = {
			isa = PBXGroup;
			children = (
				4EF4AB981DE85CBB00C5CF0C /* ImageCenterButton */,
			);
			name = UIButton;
			path = Views/UIButton;
			sourceTree = "<group>";
		};
		4EF4AB901DE85CAA00C5CF0C /* UITableViewCell */ = {
			isa = PBXGroup;
			children = (
				4E720EB11DEA3A4100D97A1E /* LoadMoreTableViewCell */,
				4EF4AB911DE85CAA00C5CF0C /* MerchantTableViewCell.swift */,
				4E720EB81DEA456400D97A1E /* CampaignTableViewCell.swift */,
			);
			name = UITableViewCell;
			path = Views/UITableViewCell;
			sourceTree = "<group>";
		};
		4EF4AB921DE85CAA00C5CF0C /* UIView */ = {
			isa = PBXGroup;
			children = (
				4E1A5AE31DED89D000E6C198 /* CampaignTitleView */,
				4E1A5AD41DED5A0000E6C198 /* CampaignHeaderView */,
				4E720ECA1DEAE57500D97A1E /* ImageSuperView */,
				4E720EC11DEAE49200D97A1E /* MerchantHeaderView */,
				4E720EC01DEAE48800D97A1E /* SearchCategoryView */,
			);
			name = UIView;
			path = Views/UIView;
			sourceTree = "<group>";
		};
		4EF4AB981DE85CBB00C5CF0C /* ImageCenterButton */ = {
			isa = PBXGroup;
			children = (
				4EF4AB9C1DE85D8C00C5CF0C /* ImageCenterButton.h */,
				4EF4AB9D1DE85D8C00C5CF0C /* ImageCenterButton.m */,
			);
			path = ImageCenterButton;
			sourceTree = "<group>";
		};
/* End PBXGroup section */

/* Begin PBXNativeTarget section */
		4EF4AAEA1DE702E200C5CF0C /* ProximateiOSSDK */ = {
			isa = PBXNativeTarget;
			buildConfigurationList = 4EF4AAFD1DE702E200C5CF0C /* Build configuration list for PBXNativeTarget "ProximateiOSSDK" */;
			buildPhases = (
				D414B17C690C7C9E3F3D05C9 /* [CP] Check Pods Manifest.lock */,
				4EF4AAE71DE702E200C5CF0C /* Sources */,
				4EF4AAE81DE702E200C5CF0C /* Frameworks */,
				4EF4AAE91DE702E200C5CF0C /* Resources */,
				45B4C4959C9FF535C28DB9B8 /* [CP] Embed Pods Frameworks */,
				AFE644C7FF684B72B755F0B3 /* [CP] Copy Pods Resources */,
			);
			buildRules = (
			);
			dependencies = (
			);
			name = ProximateiOSSDK;
			productName = ProximateiOSSDK;
			productReference = 4EF4AAEB1DE702E200C5CF0C /* ProximateiOSSDK.app */;
			productType = "com.apple.product-type.application";
		};
/* End PBXNativeTarget section */

/* Begin PBXProject section */
		4EF4AAE31DE702E200C5CF0C /* Project object */ = {
			isa = PBXProject;
			attributes = {
				LastSwiftUpdateCheck = 0730;
				LastUpgradeCheck = 0730;
				ORGANIZATIONNAME = Proximate;
				TargetAttributes = {
					4EF4AAEA1DE702E200C5CF0C = {
						CreatedOnToolsVersion = 7.3.1;
					};
				};
			};
			buildConfigurationList = 4EF4AAE61DE702E200C5CF0C /* Build configuration list for PBXProject "ProximateiOSSDK" */;
			compatibilityVersion = "Xcode 3.2";
			developmentRegion = English;
			hasScannedForEncodings = 0;
			knownRegions = (
				en,
				Base,
			);
			mainGroup = 4EF4AAE21DE702E200C5CF0C;
			productRefGroup = 4EF4AAEC1DE702E200C5CF0C /* Products */;
			projectDirPath = "";
			projectRoot = "";
			targets = (
				4EF4AAEA1DE702E200C5CF0C /* ProximateiOSSDK */,
			);
		};
/* End PBXProject section */

/* Begin PBXResourcesBuildPhase section */
		4EF4AAE91DE702E200C5CF0C /* Resources */ = {
			isa = PBXResourcesBuildPhase;
			buildActionMask = 2147483647;
			files = (
				4E720EB51DEA3A4100D97A1E /* LoadMoreTableViewCell.xib in Resources */,
				4EF4AB5D1DE7030900C5CF0C /* Info-tvOS.plist in Resources */,
				4EF4AAF91DE702E200C5CF0C /* LaunchScreen.storyboard in Resources */,
				4EF4AAF61DE702E200C5CF0C /* ProximateSDKAssets.xcassets in Resources */,
				4E720EBF1DEA514B00D97A1E /* FragmentCollectionViewCell.xib in Resources */,
				4E720EC91DEAE50000D97A1E /* MerchantHeaderView.xib in Resources */,
				4EF4AB571DE7030900C5CF0C /* Info-tvOS.plist in Resources */,
				4E720EFF1DEBFE7A00D97A1E /* Main.storyboard in Resources */,
				4EF4AB8E1DE8584B00C5CF0C /* Localizable.strings in Resources */,
				4EF4AB581DE7030900C5CF0C /* Info.plist in Resources */,
				4EF4AAF41DE702E200C5CF0C /* ProximateSDK.storyboard in Resources */,
				4E1A5AD81DED5A4800E6C198 /* CampaignHeaderView.xib in Resources */,
				4E720ED61DEAEBB600D97A1E /* SearchCategoryView.xib in Resources */,
				4EF4AB5E1DE7030900C5CF0C /* Info.plist in Resources */,
			);
			runOnlyForDeploymentPostprocessing = 0;
		};
/* End PBXResourcesBuildPhase section */

/* Begin PBXShellScriptBuildPhase section */
		45B4C4959C9FF535C28DB9B8 /* [CP] Embed Pods Frameworks */ = {
			isa = PBXShellScriptBuildPhase;
			buildActionMask = 2147483647;
			files = (
			);
			inputPaths = (
			);
			name = "[CP] Embed Pods Frameworks";
			outputPaths = (
			);
			runOnlyForDeploymentPostprocessing = 0;
			shellPath = /bin/sh;
			shellScript = "\"${SRCROOT}/Pods/Target Support Files/Pods-ProximateiOSSDK/Pods-ProximateiOSSDK-frameworks.sh\"\n";
			showEnvVarsInLog = 0;
		};
		AFE644C7FF684B72B755F0B3 /* [CP] Copy Pods Resources */ = {
			isa = PBXShellScriptBuildPhase;
			buildActionMask = 2147483647;
			files = (
			);
			inputPaths = (
			);
			name = "[CP] Copy Pods Resources";
			outputPaths = (
			);
			runOnlyForDeploymentPostprocessing = 0;
			shellPath = /bin/sh;
			shellScript = "\"${SRCROOT}/Pods/Target Support Files/Pods-ProximateiOSSDK/Pods-ProximateiOSSDK-resources.sh\"\n";
			showEnvVarsInLog = 0;
		};
		D414B17C690C7C9E3F3D05C9 /* [CP] Check Pods Manifest.lock */ = {
			isa = PBXShellScriptBuildPhase;
			buildActionMask = 2147483647;
			files = (
			);
			inputPaths = (
			);
			name = "[CP] Check Pods Manifest.lock";
			outputPaths = (
			);
			runOnlyForDeploymentPostprocessing = 0;
			shellPath = /bin/sh;
			shellScript = "diff \"${PODS_ROOT}/../Podfile.lock\" \"${PODS_ROOT}/Manifest.lock\" > /dev/null\nif [[ $? != 0 ]] ; then\n    cat << EOM\nerror: The sandbox is not in sync with the Podfile.lock. Run 'pod install' or update your CocoaPods installation.\nEOM\n    exit 1\nfi\n";
			showEnvVarsInLog = 0;
		};
/* End PBXShellScriptBuildPhase section */

/* Begin PBXSourcesBuildPhase section */
		4EF4AAE71DE702E200C5CF0C /* Sources */ = {
			isa = PBXSourcesBuildPhase;
			buildActionMask = 2147483647;
			files = (
				4EF4AB551DE7030900C5CF0C /* Upload.swift in Sources */,
				4EF4AB5C1DE7030900C5CF0C /* ImageFilter.swift in Sources */,
				4EF4AB951DE85CAA00C5CF0C /* MerchantTableViewCell.swift in Sources */,
				4EF4AB461DE7030900C5CF0C /* Alamofire.swift in Sources */,
				4EF4AB5F1DE7030900C5CF0C /* Request+AlamofireImage.swift in Sources */,
				4E217F601DEEF5AB00BB3A40 /* ObjectMerchantStore.swift in Sources */,
				4EF4AB6C1DE7030900C5CF0C /* ObjectCategory.swift in Sources */,
				4EF4AB661DE7030900C5CF0C /* ApiParameters.swift in Sources */,
				4EF4AB591DE7030900C5CF0C /* Image.swift in Sources */,
				4E1A5ADE1DED5ACC00E6C198 /* ObjectBankCard.swift in Sources */,
				4EF4AB561DE7030900C5CF0C /* Validation.swift in Sources */,
				4E720ED51DEAEBB600D97A1E /* SearchCategoryView.swift in Sources */,
				4E720EB71DEA455400D97A1E /* MerchantTableViewController.swift in Sources */,
				4EF4AB6B1DE7030900C5CF0C /* ObjectCampaignAction.swift in Sources */,
				4E1A5AE81DEEA27400E6C198 /* CampaignMapViewController.swift in Sources */,
				4EF4AB751DE7030900C5CF0C /* MainCategoriesViewController.swift in Sources */,
				4EF4AB671DE7030900C5CF0C /* ApiWebURLs.swift in Sources */,
				4E720EB41DEA3A4100D97A1E /* LoadMoreTableViewCell.swift in Sources */,
				4EF4AB891DE828E700C5CF0C /* PSDKView.swift in Sources */,
				4E217F5A1DEEE4EE00BB3A40 /* CCLocalMaximum.m in Sources */,
				4EF4AB631DE7030900C5CF0C /* AuthorizationManager.swift in Sources */,
				4E217F621DF03E7E00BB3A40 /* PSDKMerchant.swift in Sources */,
				4EF4AB621DE7030900C5CF0C /* UIImageView+AlamofireImage.swift in Sources */,
				4EF4AB6A1DE7030900C5CF0C /* ObjectCampaign.swift in Sources */,
				4EF4AB4D1DE7030900C5CF0C /* Result.swift in Sources */,
				4E1A5ADA1DED5AB600E6C198 /* ObjectCampaignTiming.swift in Sources */,
				4EF4AB721DE7030900C5CF0C /* ObjectMerchantGroup.swift in Sources */,
				4EF4AB681DE7030900C5CF0C /* JSON_Keys.swift in Sources */,
				4EF4AB501DE7030900C5CF0C /* NetworkReachabilityManager.swift in Sources */,
				4EF4AAF11DE702E200C5CF0C /* ViewController.swift in Sources */,
				4EF4AB4A1DE7030900C5CF0C /* ParameterEncoding.swift in Sources */,
				4E217F591DEEE4EE00BB3A40 /* CCColorCube.m in Sources */,
				4E1A5AE51DED89F000E6C198 /* CampaignTitleView.swift in Sources */,
				4EF4AB731DE7030900C5CF0C /* ObjectStore.swift in Sources */,
				4EF4AB531DE7030900C5CF0C /* Stream.swift in Sources */,
				4EF4AB6F1DE7030900C5CF0C /* ObjectGeoLocation.swift in Sources */,
				4EF4AB431DE7030900C5CF0C /* DebugLogger.swift in Sources */,
				4E217F5E1DEEF53800BB3A40 /* MerchantMapViewController.swift in Sources */,
				4EF4AB4E1DE7030900C5CF0C /* Download.swift in Sources */,
				4E720F031DEC441A00D97A1E /* OCMapperConfig.m in Sources */,
				4EF4AB5B1DE7030900C5CF0C /* ImageDownloader.swift in Sources */,
				4EF4AB541DE7030900C5CF0C /* Timeline.swift in Sources */,
				4EF4AB4C1DE7030900C5CF0C /* Response.swift in Sources */,
				4E1A5AE01DED772800E6C198 /* CampaignViewController.swift in Sources */,
				4EF4AB611DE7030900C5CF0C /* UIImage+AlamofireImage.swift in Sources */,
				4E1A5ADC1DED5AC300E6C198 /* ObjectBank.swift in Sources */,
				4EF4AB4B1DE7030900C5CF0C /* Request.swift in Sources */,
				4EF4AB701DE7030900C5CF0C /* ObjectMalls.swift in Sources */,
				4E1A5AE21DED77D100E6C198 /* CampaignTableViewController.swift in Sources */,
				4EF4AB521DE7030900C5CF0C /* ServerTrustPolicy.swift in Sources */,
				4EF4AB641DE7030900C5CF0C /* UIImageFilter.swift in Sources */,
				4EF4AB511DE7030900C5CF0C /* ResponseSerialization.swift in Sources */,
				4EF4AB691DE7030900C5CF0C /* ObjectBeacon.swift in Sources */,
				4EF4AB491DE7030900C5CF0C /* Notifications.swift in Sources */,
				4EF4AB601DE7030900C5CF0C /* UIButton+AlamofireImage.swift in Sources */,
				4E720ECC1DEAE58400D97A1E /* ImageSuperView.swift in Sources */,
				4EF4AB8C1DE854CB00C5CF0C /* DateTimeUtility.swift in Sources */,
				4EF4AB4F1DE7030900C5CF0C /* MultipartFormData.swift in Sources */,
				4E217F5C1DEEF35F00BB3A40 /* BaseMapViewController.swift in Sources */,
				4E720EBE1DEA514B00D97A1E /* FragmentCollectionViewCell.swift in Sources */,
				4EF4AB5A1DE7030900C5CF0C /* ImageCache.swift in Sources */,
				4EF4AB741DE7030900C5CF0C /* ProximateSDK.swift in Sources */,
				4EF4AB481DE7030900C5CF0C /* Manager.swift in Sources */,
				4EF4AB651DE7030900C5CF0C /* ApiHandler.swift in Sources */,
				4EF4AB711DE7030900C5CF0C /* ObjectMerchant.swift in Sources */,
				4EF4AB441DE7030900C5CF0C /* CAPSPageMenu.swift in Sources */,
				4EF4AB761DE7030900C5CF0C /* CategoryTableViewController.swift in Sources */,
				4E720EB91DEA456400D97A1E /* CampaignTableViewCell.swift in Sources */,
				4E720EC31DEAE4E800D97A1E /* MerchantHeaderView.swift in Sources */,
				4EF4AB471DE7030900C5CF0C /* Error.swift in Sources */,
				4EF4AB7F1DE814B400C5CF0C /* ObjectCampaignMedia.swift in Sources */,
				4EF4AB821DE8182D00C5CF0C /* PSDKString.swift in Sources */,
				4EF4AB791DE710F600C5CF0C /* SDKDefaultColor.swift in Sources */,
				4EF4AAEF1DE702E200C5CF0C /* AppDelegate.swift in Sources */,
				4EF4AB9E1DE85D8C00C5CF0C /* ImageCenterButton.m in Sources */,
				4E1A5AD61DED5A3A00E6C198 /* CampaignHeaderView.swift in Sources */,
			);
			runOnlyForDeploymentPostprocessing = 0;
		};
/* End PBXSourcesBuildPhase section */

/* Begin PBXVariantGroup section */
		4E720EFD1DEBFE7A00D97A1E /* Main.storyboard */ = {
			isa = PBXVariantGroup;
			children = (
				4E720EFE1DEBFE7A00D97A1E /* Base */,
			);
			name = Main.storyboard;
			sourceTree = "<group>";
		};
		4EF4AAF21DE702E200C5CF0C /* ProximateSDK.storyboard */ = {
			isa = PBXVariantGroup;
			children = (
				4EF4AAF31DE702E200C5CF0C /* Base */,
			);
			name = ProximateSDK.storyboard;
			path = ..;
			sourceTree = "<group>";
		};
		4EF4AAF71DE702E200C5CF0C /* LaunchScreen.storyboard */ = {
			isa = PBXVariantGroup;
			children = (
				4EF4AAF81DE702E200C5CF0C /* Base */,
			);
			name = LaunchScreen.storyboard;
			sourceTree = "<group>";
		};
/* End PBXVariantGroup section */

/* Begin XCBuildConfiguration section */
		4EF4AAFB1DE702E200C5CF0C /* Debug */ = {
			isa = XCBuildConfiguration;
			buildSettings = {
				ALWAYS_SEARCH_USER_PATHS = NO;
				CLANG_ANALYZER_NONNULL = YES;
				CLANG_CXX_LANGUAGE_STANDARD = "gnu++0x";
				CLANG_CXX_LIBRARY = "libc++";
				CLANG_ENABLE_MODULES = YES;
				CLANG_ENABLE_OBJC_ARC = YES;
				CLANG_WARN_BOOL_CONVERSION = YES;
				CLANG_WARN_CONSTANT_CONVERSION = YES;
				CLANG_WARN_DIRECT_OBJC_ISA_USAGE = YES_ERROR;
				CLANG_WARN_EMPTY_BODY = YES;
				CLANG_WARN_ENUM_CONVERSION = YES;
				CLANG_WARN_INT_CONVERSION = YES;
				CLANG_WARN_OBJC_ROOT_CLASS = YES_ERROR;
				CLANG_WARN_UNREACHABLE_CODE = YES;
				CLANG_WARN__DUPLICATE_METHOD_MATCH = YES;
				"CODE_SIGN_IDENTITY[sdk=iphoneos*]" = "iPhone Developer";
				COPY_PHASE_STRIP = NO;
				DEBUG_INFORMATION_FORMAT = dwarf;
				ENABLE_STRICT_OBJC_MSGSEND = YES;
				ENABLE_TESTABILITY = YES;
				GCC_C_LANGUAGE_STANDARD = gnu99;
				GCC_DYNAMIC_NO_PIC = NO;
				GCC_NO_COMMON_BLOCKS = YES;
				GCC_OPTIMIZATION_LEVEL = 0;
				GCC_PREPROCESSOR_DEFINITIONS = (
					"DEBUG=1",
					"$(inherited)",
				);
				GCC_WARN_64_TO_32_BIT_CONVERSION = YES;
				GCC_WARN_ABOUT_RETURN_TYPE = YES_ERROR;
				GCC_WARN_UNDECLARED_SELECTOR = YES;
				GCC_WARN_UNINITIALIZED_AUTOS = YES_AGGRESSIVE;
				GCC_WARN_UNUSED_FUNCTION = YES;
				GCC_WARN_UNUSED_VARIABLE = YES;
				IPHONEOS_DEPLOYMENT_TARGET = 9.3;
				MTL_ENABLE_DEBUG_INFO = YES;
				ONLY_ACTIVE_ARCH = YES;
				SDKROOT = iphoneos;
				SWIFT_OPTIMIZATION_LEVEL = "-Onone";
			};
			name = Debug;
		};
		4EF4AAFC1DE702E200C5CF0C /* Release */ = {
			isa = XCBuildConfiguration;
			buildSettings = {
				ALWAYS_SEARCH_USER_PATHS = NO;
				CLANG_ANALYZER_NONNULL = YES;
				CLANG_CXX_LANGUAGE_STANDARD = "gnu++0x";
				CLANG_CXX_LIBRARY = "libc++";
				CLANG_ENABLE_MODULES = YES;
				CLANG_ENABLE_OBJC_ARC = YES;
				CLANG_WARN_BOOL_CONVERSION = YES;
				CLANG_WARN_CONSTANT_CONVERSION = YES;
				CLANG_WARN_DIRECT_OBJC_ISA_USAGE = YES_ERROR;
				CLANG_WARN_EMPTY_BODY = YES;
				CLANG_WARN_ENUM_CONVERSION = YES;
				CLANG_WARN_INT_CONVERSION = YES;
				CLANG_WARN_OBJC_ROOT_CLASS = YES_ERROR;
				CLANG_WARN_UNREACHABLE_CODE = YES;
				CLANG_WARN__DUPLICATE_METHOD_MATCH = YES;
				"CODE_SIGN_IDENTITY[sdk=iphoneos*]" = "iPhone Developer";
				COPY_PHASE_STRIP = NO;
				DEBUG_INFORMATION_FORMAT = "dwarf-with-dsym";
				ENABLE_NS_ASSERTIONS = NO;
				ENABLE_STRICT_OBJC_MSGSEND = YES;
				GCC_C_LANGUAGE_STANDARD = gnu99;
				GCC_NO_COMMON_BLOCKS = YES;
				GCC_WARN_64_TO_32_BIT_CONVERSION = YES;
				GCC_WARN_ABOUT_RETURN_TYPE = YES_ERROR;
				GCC_WARN_UNDECLARED_SELECTOR = YES;
				GCC_WARN_UNINITIALIZED_AUTOS = YES_AGGRESSIVE;
				GCC_WARN_UNUSED_FUNCTION = YES;
				GCC_WARN_UNUSED_VARIABLE = YES;
				IPHONEOS_DEPLOYMENT_TARGET = 9.3;
				MTL_ENABLE_DEBUG_INFO = NO;
				SDKROOT = iphoneos;
				VALIDATE_PRODUCT = YES;
			};
			name = Release;
		};
		4EF4AAFE1DE702E200C5CF0C /* Debug */ = {
			isa = XCBuildConfiguration;
			baseConfigurationReference = 42A14F924F30C26AA8AC07C0 /* Pods-ProximateiOSSDK.debug.xcconfig */;
			buildSettings = {
				ASSETCATALOG_COMPILER_APPICON_NAME = AppIcon;
				INFOPLIST_FILE = ProximateiOSSDK/Info.plist;
				IPHONEOS_DEPLOYMENT_TARGET = 8.0;
				LD_RUNPATH_SEARCH_PATHS = "$(inherited) @executable_path/Frameworks";
				PRODUCT_BUNDLE_IDENTIFIER = com.proximate.app;
				PRODUCT_NAME = "$(TARGET_NAME)";
				SWIFT_OBJC_BRIDGING_HEADER = "ProximateiOSSDK/ProximateiOSSDK-Bridging-Header.h";
			};
			name = Debug;
		};
		4EF4AAFF1DE702E200C5CF0C /* Release */ = {
			isa = XCBuildConfiguration;
			baseConfigurationReference = 687AFC6F26FC9E6ED8D1E849 /* Pods-ProximateiOSSDK.release.xcconfig */;
			buildSettings = {
				ASSETCATALOG_COMPILER_APPICON_NAME = AppIcon;
				INFOPLIST_FILE = ProximateiOSSDK/Info.plist;
				IPHONEOS_DEPLOYMENT_TARGET = 8.0;
				LD_RUNPATH_SEARCH_PATHS = "$(inherited) @executable_path/Frameworks";
				PRODUCT_BUNDLE_IDENTIFIER = com.proximate.app;
				PRODUCT_NAME = "$(TARGET_NAME)";
				SWIFT_OBJC_BRIDGING_HEADER = "ProximateiOSSDK/ProximateiOSSDK-Bridging-Header.h";
			};
			name = Release;
		};
/* End XCBuildConfiguration section */

/* Begin XCConfigurationList section */
		4EF4AAE61DE702E200C5CF0C /* Build configuration list for PBXProject "ProximateiOSSDK" */ = {
			isa = XCConfigurationList;
			buildConfigurations = (
				4EF4AAFB1DE702E200C5CF0C /* Debug */,
				4EF4AAFC1DE702E200C5CF0C /* Release */,
			);
			defaultConfigurationIsVisible = 0;
			defaultConfigurationName = Release;
		};
		4EF4AAFD1DE702E200C5CF0C /* Build configuration list for PBXNativeTarget "ProximateiOSSDK" */ = {
			isa = XCConfigurationList;
			buildConfigurations = (
				4EF4AAFE1DE702E200C5CF0C /* Debug */,
				4EF4AAFF1DE702E200C5CF0C /* Release */,
			);
			defaultConfigurationIsVisible = 0;
			defaultConfigurationName = Release;
		};
/* End XCConfigurationList section */
	};
	rootObject = 4EF4AAE31DE702E200C5CF0C /* Project object */;
}
